// !$*UTF8*$!
{
	archiveVersion = 1;
	classes = {
	};
	objectVersion = 77;
	objects = {

/* Begin PBXBuildFile section */
		0D03209E2DB14B2C00B54E1D /* Utilities.framework in Frameworks */ = {isa = PBXBuildFile; fileRef = 0D0320952DB14B2C00B54E1D /* Utilities.framework */; };
		0D0320A82DB14B2C00B54E1D /* Utilities.framework in Frameworks */ = {isa = PBXBuildFile; fileRef = 0D0320952DB14B2C00B54E1D /* Utilities.framework */; };
		0D0320A92DB14B2C00B54E1D /* Utilities.framework in Embed Frameworks */ = {isa = PBXBuildFile; fileRef = 0D0320952DB14B2C00B54E1D /* Utilities.framework */; settings = {ATTRIBUTES = (CodeSignOnCopy, RemoveHeadersOnCopy, ); }; };
		0D0320B62DB14B8A00B54E1D /* SwiftyBeaver in Frameworks */ = {isa = PBXBuildFile; productRef = 0D0320B52DB14B8A00B54E1D /* SwiftyBeaver */; };
		0DC7E31E2DB14E06002F53BD /* FirebaseCrashlytics in Frameworks */ = {isa = PBXBuildFile; productRef = 0DC7E31D2DB14E06002F53BD /* FirebaseCrashlytics */; };
		0DF8931F2DB7BD3800BE72DA /* CVDomain.framework in Frameworks */ = {isa = PBXBuildFile; fileRef = 0DF893162DB7BD3800BE72DA /* CVDomain.framework */; };
		0DF893292DB7BD3800BE72DA /* CVDomain.framework in Frameworks */ = {isa = PBXBuildFile; fileRef = 0DF893162DB7BD3800BE72DA /* CVDomain.framework */; };
		0DF8932A2DB7BD3800BE72DA /* CVDomain.framework in Embed Frameworks */ = {isa = PBXBuildFile; fileRef = 0DF893162DB7BD3800BE72DA /* CVDomain.framework */; settings = {ATTRIBUTES = (CodeSignOnCopy, RemoveHeadersOnCopy, ); }; };
/* End PBXBuildFile section */

/* Begin PBXContainerItemProxy section */
		0D0320742DB14B1F00B54E1D /* PBXContainerItemProxy */ = {
			isa = PBXContainerItemProxy;
			containerPortal = 0D0320592DB14B1F00B54E1D /* Project object */;
			proxyType = 1;
			remoteGlobalIDString = 0D0320602DB14B1F00B54E1D;
			remoteInfo = CoinVista;
		};
		0D03207E2DB14B1F00B54E1D /* PBXContainerItemProxy */ = {
			isa = PBXContainerItemProxy;
			containerPortal = 0D0320592DB14B1F00B54E1D /* Project object */;
			proxyType = 1;
			remoteGlobalIDString = 0D0320602DB14B1F00B54E1D;
			remoteInfo = CoinVista;
		};
		0D03209F2DB14B2C00B54E1D /* PBXContainerItemProxy */ = {
			isa = PBXContainerItemProxy;
			containerPortal = 0D0320592DB14B1F00B54E1D /* Project object */;
			proxyType = 1;
			remoteGlobalIDString = 0D0320942DB14B2C00B54E1D;
			remoteInfo = Utilities;
		};
		0D0320A12DB14B2C00B54E1D /* PBXContainerItemProxy */ = {
			isa = PBXContainerItemProxy;
			containerPortal = 0D0320592DB14B1F00B54E1D /* Project object */;
			proxyType = 1;
			remoteGlobalIDString = 0D0320602DB14B1F00B54E1D;
			remoteInfo = CoinVista;
		};
		0D0320A62DB14B2C00B54E1D /* PBXContainerItemProxy */ = {
			isa = PBXContainerItemProxy;
			containerPortal = 0D0320592DB14B1F00B54E1D /* Project object */;
			proxyType = 1;
			remoteGlobalIDString = 0D0320942DB14B2C00B54E1D;
			remoteInfo = Utilities;
		};
		0DF893202DB7BD3800BE72DA /* PBXContainerItemProxy */ = {
			isa = PBXContainerItemProxy;
			containerPortal = 0D0320592DB14B1F00B54E1D /* Project object */;
			proxyType = 1;
			remoteGlobalIDString = 0DF893152DB7BD3800BE72DA;
			remoteInfo = CVDomain;
		};
		0DF893222DB7BD3800BE72DA /* PBXContainerItemProxy */ = {
			isa = PBXContainerItemProxy;
			containerPortal = 0D0320592DB14B1F00B54E1D /* Project object */;
			proxyType = 1;
			remoteGlobalIDString = 0D0320602DB14B1F00B54E1D;
			remoteInfo = CoinVista;
		};
		0DF893272DB7BD3800BE72DA /* PBXContainerItemProxy */ = {
			isa = PBXContainerItemProxy;
			containerPortal = 0D0320592DB14B1F00B54E1D /* Project object */;
			proxyType = 1;
			remoteGlobalIDString = 0DF893152DB7BD3800BE72DA;
			remoteInfo = CVDomain;
		};
/* End PBXContainerItemProxy section */

/* Begin PBXCopyFilesBuildPhase section */
		0D0320AD2DB14B2C00B54E1D /* Embed Frameworks */ = {
			isa = PBXCopyFilesBuildPhase;
			buildActionMask = 2147483647;
			dstPath = "";
			dstSubfolderSpec = 10;
			files = (
				0D0320A92DB14B2C00B54E1D /* Utilities.framework in Embed Frameworks */,
				0DF8932A2DB7BD3800BE72DA /* CVDomain.framework in Embed Frameworks */,
			);
			name = "Embed Frameworks";
			runOnlyForDeploymentPostprocessing = 0;
		};
/* End PBXCopyFilesBuildPhase section */

/* Begin PBXFileReference section */
		0D0320612DB14B1F00B54E1D /* CoinVista.app */ = {isa = PBXFileReference; explicitFileType = wrapper.application; includeInIndex = 0; path = CoinVista.app; sourceTree = BUILT_PRODUCTS_DIR; };
		0D0320732DB14B1F00B54E1D /* CoinVistaTests.xctest */ = {isa = PBXFileReference; explicitFileType = wrapper.cfbundle; includeInIndex = 0; path = CoinVistaTests.xctest; sourceTree = BUILT_PRODUCTS_DIR; };
		0D03207D2DB14B1F00B54E1D /* CoinVistaUITests.xctest */ = {isa = PBXFileReference; explicitFileType = wrapper.cfbundle; includeInIndex = 0; path = CoinVistaUITests.xctest; sourceTree = BUILT_PRODUCTS_DIR; };
		0D0320952DB14B2C00B54E1D /* Utilities.framework */ = {isa = PBXFileReference; explicitFileType = wrapper.framework; includeInIndex = 0; path = Utilities.framework; sourceTree = BUILT_PRODUCTS_DIR; };
		0D03209D2DB14B2C00B54E1D /* UtilitiesTests.xctest */ = {isa = PBXFileReference; explicitFileType = wrapper.cfbundle; includeInIndex = 0; path = UtilitiesTests.xctest; sourceTree = BUILT_PRODUCTS_DIR; };
		0DF893162DB7BD3800BE72DA /* CVDomain.framework */ = {isa = PBXFileReference; explicitFileType = wrapper.framework; includeInIndex = 0; path = CVDomain.framework; sourceTree = BUILT_PRODUCTS_DIR; };
		0DF8931E2DB7BD3800BE72DA /* CVDomainTests.xctest */ = {isa = PBXFileReference; explicitFileType = wrapper.cfbundle; includeInIndex = 0; path = CVDomainTests.xctest; sourceTree = BUILT_PRODUCTS_DIR; };
/* End PBXFileReference section */

/* Begin PBXFileSystemSynchronizedRootGroup section */
		0D0320632DB14B1F00B54E1D /* CoinVista */ = {
			isa = PBXFileSystemSynchronizedRootGroup;
			path = CoinVista;
			sourceTree = "<group>";
		};
		0D0320762DB14B1F00B54E1D /* CoinVistaTests */ = {
			isa = PBXFileSystemSynchronizedRootGroup;
			path = CoinVistaTests;
			sourceTree = "<group>";
		};
		0D0320802DB14B1F00B54E1D /* CoinVistaUITests */ = {
			isa = PBXFileSystemSynchronizedRootGroup;
			path = CoinVistaUITests;
			sourceTree = "<group>";
		};
		0D0320962DB14B2C00B54E1D /* Utilities */ = {
			isa = PBXFileSystemSynchronizedRootGroup;
			path = Utilities;
			sourceTree = "<group>";
		};
		0D0320A32DB14B2C00B54E1D /* UtilitiesTests */ = {
			isa = PBXFileSystemSynchronizedRootGroup;
			path = UtilitiesTests;
			sourceTree = "<group>";
		};
		0DF893172DB7BD3800BE72DA /* CVDomain */ = {
			isa = PBXFileSystemSynchronizedRootGroup;
			path = CVDomain;
			sourceTree = "<group>";
		};
		0DF893242DB7BD3800BE72DA /* CVDomainTests */ = {
			isa = PBXFileSystemSynchronizedRootGroup;
			path = CVDomainTests;
			sourceTree = "<group>";
		};
/* End PBXFileSystemSynchronizedRootGroup section */

/* Begin PBXFrameworksBuildPhase section */
		0D03205E2DB14B1F00B54E1D /* Frameworks */ = {
			isa = PBXFrameworksBuildPhase;
			buildActionMask = 2147483647;
			files = (
				0D0320A82DB14B2C00B54E1D /* Utilities.framework in Frameworks */,
				0DC7E31E2DB14E06002F53BD /* FirebaseCrashlytics in Frameworks */,
				0DF893292DB7BD3800BE72DA /* CVDomain.framework in Frameworks */,
			);
			runOnlyForDeploymentPostprocessing = 0;
		};
		0D0320702DB14B1F00B54E1D /* Frameworks */ = {
			isa = PBXFrameworksBuildPhase;
			buildActionMask = 2147483647;
			files = (
			);
			runOnlyForDeploymentPostprocessing = 0;
		};
		0D03207A2DB14B1F00B54E1D /* Frameworks */ = {
			isa = PBXFrameworksBuildPhase;
			buildActionMask = 2147483647;
			files = (
			);
			runOnlyForDeploymentPostprocessing = 0;
		};
		0D0320922DB14B2C00B54E1D /* Frameworks */ = {
			isa = PBXFrameworksBuildPhase;
			buildActionMask = 2147483647;
			files = (
				0D0320B62DB14B8A00B54E1D /* SwiftyBeaver in Frameworks */,
			);
			runOnlyForDeploymentPostprocessing = 0;
		};
		0D03209A2DB14B2C00B54E1D /* Frameworks */ = {
			isa = PBXFrameworksBuildPhase;
			buildActionMask = 2147483647;
			files = (
				0D03209E2DB14B2C00B54E1D /* Utilities.framework in Frameworks */,
			);
			runOnlyForDeploymentPostprocessing = 0;
		};
		0DF893132DB7BD3800BE72DA /* Frameworks */ = {
			isa = PBXFrameworksBuildPhase;
			buildActionMask = 2147483647;
			files = (
			);
			runOnlyForDeploymentPostprocessing = 0;
		};
		0DF8931B2DB7BD3800BE72DA /* Frameworks */ = {
			isa = PBXFrameworksBuildPhase;
			buildActionMask = 2147483647;
			files = (
				0DF8931F2DB7BD3800BE72DA /* CVDomain.framework in Frameworks */,
			);
			runOnlyForDeploymentPostprocessing = 0;
		};
/* End PBXFrameworksBuildPhase section */

/* Begin PBXGroup section */
		0D0320582DB14B1F00B54E1D = {
			isa = PBXGroup;
			children = (
				0D0320632DB14B1F00B54E1D /* CoinVista */,
				0D0320762DB14B1F00B54E1D /* CoinVistaTests */,
				0D0320802DB14B1F00B54E1D /* CoinVistaUITests */,
				0D0320962DB14B2C00B54E1D /* Utilities */,
				0D0320A32DB14B2C00B54E1D /* UtilitiesTests */,
				0DF893172DB7BD3800BE72DA /* CVDomain */,
				0DF893242DB7BD3800BE72DA /* CVDomainTests */,
				0DC7E31C2DB14E06002F53BD /* Frameworks */,
				0D0320622DB14B1F00B54E1D /* Products */,
			);
			sourceTree = "<group>";
		};
		0D0320622DB14B1F00B54E1D /* Products */ = {
			isa = PBXGroup;
			children = (
				0D0320612DB14B1F00B54E1D /* CoinVista.app */,
				0D0320732DB14B1F00B54E1D /* CoinVistaTests.xctest */,
				0D03207D2DB14B1F00B54E1D /* CoinVistaUITests.xctest */,
				0D0320952DB14B2C00B54E1D /* Utilities.framework */,
				0D03209D2DB14B2C00B54E1D /* UtilitiesTests.xctest */,
				0DF893162DB7BD3800BE72DA /* CVDomain.framework */,
				0DF8931E2DB7BD3800BE72DA /* CVDomainTests.xctest */,
			);
			name = Products;
			sourceTree = "<group>";
		};
		0DC7E31C2DB14E06002F53BD /* Frameworks */ = {
			isa = PBXGroup;
			children = (
			);
			name = Frameworks;
			sourceTree = "<group>";
		};
/* End PBXGroup section */

/* Begin PBXHeadersBuildPhase section */
		0D0320902DB14B2C00B54E1D /* Headers */ = {
			isa = PBXHeadersBuildPhase;
			buildActionMask = 2147483647;
			files = (
			);
			runOnlyForDeploymentPostprocessing = 0;
		};
		0DF893112DB7BD3800BE72DA /* Headers */ = {
			isa = PBXHeadersBuildPhase;
			buildActionMask = 2147483647;
			files = (
			);
			runOnlyForDeploymentPostprocessing = 0;
		};
/* End PBXHeadersBuildPhase section */

/* Begin PBXNativeTarget section */
		0D0320602DB14B1F00B54E1D /* CoinVista */ = {
			isa = PBXNativeTarget;
			buildConfigurationList = 0D0320872DB14B1F00B54E1D /* Build configuration list for PBXNativeTarget "CoinVista" */;
			buildPhases = (
				0D03205D2DB14B1F00B54E1D /* Sources */,
				0D03205E2DB14B1F00B54E1D /* Frameworks */,
				0D03205F2DB14B1F00B54E1D /* Resources */,
				0D0320AD2DB14B2C00B54E1D /* Embed Frameworks */,
			);
			buildRules = (
			);
			dependencies = (
				0D0320A72DB14B2C00B54E1D /* PBXTargetDependency */,
				0DF893282DB7BD3800BE72DA /* PBXTargetDependency */,
			);
			fileSystemSynchronizedGroups = (
				0D0320632DB14B1F00B54E1D /* CoinVista */,
			);
			name = CoinVista;
			packageProductDependencies = (
				0DC7E31D2DB14E06002F53BD /* FirebaseCrashlytics */,
			);
			productName = CoinVista;
			productReference = 0D0320612DB14B1F00B54E1D /* CoinVista.app */;
			productType = "com.apple.product-type.application";
		};
		0D0320722DB14B1F00B54E1D /* CoinVistaTests */ = {
			isa = PBXNativeTarget;
			buildConfigurationList = 0D03208A2DB14B1F00B54E1D /* Build configuration list for PBXNativeTarget "CoinVistaTests" */;
			buildPhases = (
				0D03206F2DB14B1F00B54E1D /* Sources */,
				0D0320702DB14B1F00B54E1D /* Frameworks */,
				0D0320712DB14B1F00B54E1D /* Resources */,
			);
			buildRules = (
			);
			dependencies = (
				0D0320752DB14B1F00B54E1D /* PBXTargetDependency */,
			);
			fileSystemSynchronizedGroups = (
				0D0320762DB14B1F00B54E1D /* CoinVistaTests */,
			);
			name = CoinVistaTests;
			packageProductDependencies = (
			);
			productName = CoinVistaTests;
			productReference = 0D0320732DB14B1F00B54E1D /* CoinVistaTests.xctest */;
			productType = "com.apple.product-type.bundle.unit-test";
		};
		0D03207C2DB14B1F00B54E1D /* CoinVistaUITests */ = {
			isa = PBXNativeTarget;
			buildConfigurationList = 0D03208D2DB14B1F00B54E1D /* Build configuration list for PBXNativeTarget "CoinVistaUITests" */;
			buildPhases = (
				0D0320792DB14B1F00B54E1D /* Sources */,
				0D03207A2DB14B1F00B54E1D /* Frameworks */,
				0D03207B2DB14B1F00B54E1D /* Resources */,
			);
			buildRules = (
			);
			dependencies = (
				0D03207F2DB14B1F00B54E1D /* PBXTargetDependency */,
			);
			fileSystemSynchronizedGroups = (
				0D0320802DB14B1F00B54E1D /* CoinVistaUITests */,
			);
			name = CoinVistaUITests;
			packageProductDependencies = (
			);
			productName = CoinVistaUITests;
			productReference = 0D03207D2DB14B1F00B54E1D /* CoinVistaUITests.xctest */;
			productType = "com.apple.product-type.bundle.ui-testing";
		};
		0D0320942DB14B2C00B54E1D /* Utilities */ = {
			isa = PBXNativeTarget;
			buildConfigurationList = 0D0320AA2DB14B2C00B54E1D /* Build configuration list for PBXNativeTarget "Utilities" */;
			buildPhases = (
				0D0320902DB14B2C00B54E1D /* Headers */,
				0D0320912DB14B2C00B54E1D /* Sources */,
				0D0320922DB14B2C00B54E1D /* Frameworks */,
				0D0320932DB14B2C00B54E1D /* Resources */,
			);
			buildRules = (
			);
			dependencies = (
			);
			fileSystemSynchronizedGroups = (
				0D0320962DB14B2C00B54E1D /* Utilities */,
			);
			name = Utilities;
			packageProductDependencies = (
				0D0320B52DB14B8A00B54E1D /* SwiftyBeaver */,
			);
			productName = Utilities;
			productReference = 0D0320952DB14B2C00B54E1D /* Utilities.framework */;
			productType = "com.apple.product-type.framework";
		};
		0D03209C2DB14B2C00B54E1D /* UtilitiesTests */ = {
			isa = PBXNativeTarget;
			buildConfigurationList = 0D0320AE2DB14B2C00B54E1D /* Build configuration list for PBXNativeTarget "UtilitiesTests" */;
			buildPhases = (
				0D0320992DB14B2C00B54E1D /* Sources */,
				0D03209A2DB14B2C00B54E1D /* Frameworks */,
				0D03209B2DB14B2C00B54E1D /* Resources */,
			);
			buildRules = (
			);
			dependencies = (
				0D0320A02DB14B2C00B54E1D /* PBXTargetDependency */,
				0D0320A22DB14B2C00B54E1D /* PBXTargetDependency */,
			);
			fileSystemSynchronizedGroups = (
				0D0320A32DB14B2C00B54E1D /* UtilitiesTests */,
			);
			name = UtilitiesTests;
			packageProductDependencies = (
			);
			productName = UtilitiesTests;
			productReference = 0D03209D2DB14B2C00B54E1D /* UtilitiesTests.xctest */;
			productType = "com.apple.product-type.bundle.unit-test";
		};
		0DF893152DB7BD3800BE72DA /* CVDomain */ = {
			isa = PBXNativeTarget;
			buildConfigurationList = 0DF8932F2DB7BD3800BE72DA /* Build configuration list for PBXNativeTarget "CVDomain" */;
			buildPhases = (
				0DF893112DB7BD3800BE72DA /* Headers */,
				0DF893122DB7BD3800BE72DA /* Sources */,
				0DF893132DB7BD3800BE72DA /* Frameworks */,
				0DF893142DB7BD3800BE72DA /* Resources */,
			);
			buildRules = (
			);
			dependencies = (
			);
			fileSystemSynchronizedGroups = (
				0DF893172DB7BD3800BE72DA /* CVDomain */,
			);
			name = CVDomain;
			packageProductDependencies = (
			);
			productName = CVDomain;
			productReference = 0DF893162DB7BD3800BE72DA /* CVDomain.framework */;
			productType = "com.apple.product-type.framework";
		};
		0DF8931D2DB7BD3800BE72DA /* CVDomainTests */ = {
			isa = PBXNativeTarget;
			buildConfigurationList = 0DF893302DB7BD3800BE72DA /* Build configuration list for PBXNativeTarget "CVDomainTests" */;
			buildPhases = (
				0DF8931A2DB7BD3800BE72DA /* Sources */,
				0DF8931B2DB7BD3800BE72DA /* Frameworks */,
				0DF8931C2DB7BD3800BE72DA /* Resources */,
			);
			buildRules = (
			);
			dependencies = (
				0DF893212DB7BD3800BE72DA /* PBXTargetDependency */,
				0DF893232DB7BD3800BE72DA /* PBXTargetDependency */,
			);
			fileSystemSynchronizedGroups = (
				0DF893242DB7BD3800BE72DA /* CVDomainTests */,
			);
			name = CVDomainTests;
			packageProductDependencies = (
			);
			productName = CVDomainTests;
			productReference = 0DF8931E2DB7BD3800BE72DA /* CVDomainTests.xctest */;
			productType = "com.apple.product-type.bundle.unit-test";
		};
/* End PBXNativeTarget section */

/* Begin PBXProject section */
		0D0320592DB14B1F00B54E1D /* Project object */ = {
			isa = PBXProject;
			attributes = {
				BuildIndependentTargetsInParallel = 1;
				LastSwiftUpdateCheck = 1630;
				LastUpgradeCheck = 1630;
				TargetAttributes = {
					0D0320602DB14B1F00B54E1D = {
						CreatedOnToolsVersion = 16.3;
					};
					0D0320722DB14B1F00B54E1D = {
						CreatedOnToolsVersion = 16.3;
						TestTargetID = 0D0320602DB14B1F00B54E1D;
					};
					0D03207C2DB14B1F00B54E1D = {
						CreatedOnToolsVersion = 16.3;
						TestTargetID = 0D0320602DB14B1F00B54E1D;
					};
					0D0320942DB14B2C00B54E1D = {
						CreatedOnToolsVersion = 16.3;
					};
					0D03209C2DB14B2C00B54E1D = {
						CreatedOnToolsVersion = 16.3;
						TestTargetID = 0D0320602DB14B1F00B54E1D;
					};
					0DF893152DB7BD3800BE72DA = {
						CreatedOnToolsVersion = 16.3;
					};
					0DF8931D2DB7BD3800BE72DA = {
						CreatedOnToolsVersion = 16.3;
						TestTargetID = 0D0320602DB14B1F00B54E1D;
					};
				};
			};
			buildConfigurationList = 0D03205C2DB14B1F00B54E1D /* Build configuration list for PBXProject "CoinVista" */;
			developmentRegion = en;
			hasScannedForEncodings = 0;
			knownRegions = (
				en,
				Base,
			);
			mainGroup = 0D0320582DB14B1F00B54E1D;
			minimizedProjectReferenceProxies = 1;
			packageReferences = (
				0D0320B12DB14B6400B54E1D /* XCRemoteSwiftPackageReference "firebase-ios-sdk" */,
				0D0320B42DB14B8A00B54E1D /* XCRemoteSwiftPackageReference "SwiftyBeaver" */,
			);
			preferredProjectObjectVersion = 77;
			productRefGroup = 0D0320622DB14B1F00B54E1D /* Products */;
			projectDirPath = "";
			projectRoot = "";
			targets = (
				0D0320602DB14B1F00B54E1D /* CoinVista */,
				0D0320722DB14B1F00B54E1D /* CoinVistaTests */,
				0D03207C2DB14B1F00B54E1D /* CoinVistaUITests */,
				0D0320942DB14B2C00B54E1D /* Utilities */,
				0D03209C2DB14B2C00B54E1D /* UtilitiesTests */,
				0DF893152DB7BD3800BE72DA /* CVDomain */,
				0DF8931D2DB7BD3800BE72DA /* CVDomainTests */,
			);
		};
/* End PBXProject section */

/* Begin PBXResourcesBuildPhase section */
		0D03205F2DB14B1F00B54E1D /* Resources */ = {
			isa = PBXResourcesBuildPhase;
			buildActionMask = 2147483647;
			files = (
			);
			runOnlyForDeploymentPostprocessing = 0;
		};
		0D0320712DB14B1F00B54E1D /* Resources */ = {
			isa = PBXResourcesBuildPhase;
			buildActionMask = 2147483647;
			files = (
			);
			runOnlyForDeploymentPostprocessing = 0;
		};
		0D03207B2DB14B1F00B54E1D /* Resources */ = {
			isa = PBXResourcesBuildPhase;
			buildActionMask = 2147483647;
			files = (
			);
			runOnlyForDeploymentPostprocessing = 0;
		};
		0D0320932DB14B2C00B54E1D /* Resources */ = {
			isa = PBXResourcesBuildPhase;
			buildActionMask = 2147483647;
			files = (
			);
			runOnlyForDeploymentPostprocessing = 0;
		};
		0D03209B2DB14B2C00B54E1D /* Resources */ = {
			isa = PBXResourcesBuildPhase;
			buildActionMask = 2147483647;
			files = (
			);
			runOnlyForDeploymentPostprocessing = 0;
		};
		0DF893142DB7BD3800BE72DA /* Resources */ = {
			isa = PBXResourcesBuildPhase;
			buildActionMask = 2147483647;
			files = (
			);
			runOnlyForDeploymentPostprocessing = 0;
		};
		0DF8931C2DB7BD3800BE72DA /* Resources */ = {
			isa = PBXResourcesBuildPhase;
			buildActionMask = 2147483647;
			files = (
			);
			runOnlyForDeploymentPostprocessing = 0;
		};
/* End PBXResourcesBuildPhase section */

/* Begin PBXSourcesBuildPhase section */
		0D03205D2DB14B1F00B54E1D /* Sources */ = {
			isa = PBXSourcesBuildPhase;
			buildActionMask = 2147483647;
			files = (
			);
			runOnlyForDeploymentPostprocessing = 0;
		};
		0D03206F2DB14B1F00B54E1D /* Sources */ = {
			isa = PBXSourcesBuildPhase;
			buildActionMask = 2147483647;
			files = (
			);
			runOnlyForDeploymentPostprocessing = 0;
		};
		0D0320792DB14B1F00B54E1D /* Sources */ = {
			isa = PBXSourcesBuildPhase;
			buildActionMask = 2147483647;
			files = (
			);
			runOnlyForDeploymentPostprocessing = 0;
		};
		0D0320912DB14B2C00B54E1D /* Sources */ = {
			isa = PBXSourcesBuildPhase;
			buildActionMask = 2147483647;
			files = (
			);
			runOnlyForDeploymentPostprocessing = 0;
		};
		0D0320992DB14B2C00B54E1D /* Sources */ = {
			isa = PBXSourcesBuildPhase;
			buildActionMask = 2147483647;
			files = (
			);
			runOnlyForDeploymentPostprocessing = 0;
		};
		0DF893122DB7BD3800BE72DA /* Sources */ = {
			isa = PBXSourcesBuildPhase;
			buildActionMask = 2147483647;
			files = (
			);
			runOnlyForDeploymentPostprocessing = 0;
		};
		0DF8931A2DB7BD3800BE72DA /* Sources */ = {
			isa = PBXSourcesBuildPhase;
			buildActionMask = 2147483647;
			files = (
			);
			runOnlyForDeploymentPostprocessing = 0;
		};
/* End PBXSourcesBuildPhase section */

/* Begin PBXTargetDependency section */
		0D0320752DB14B1F00B54E1D /* PBXTargetDependency */ = {
			isa = PBXTargetDependency;
			target = 0D0320602DB14B1F00B54E1D /* CoinVista */;
			targetProxy = 0D0320742DB14B1F00B54E1D /* PBXContainerItemProxy */;
		};
		0D03207F2DB14B1F00B54E1D /* PBXTargetDependency */ = {
			isa = PBXTargetDependency;
			target = 0D0320602DB14B1F00B54E1D /* CoinVista */;
			targetProxy = 0D03207E2DB14B1F00B54E1D /* PBXContainerItemProxy */;
		};
		0D0320A02DB14B2C00B54E1D /* PBXTargetDependency */ = {
			isa = PBXTargetDependency;
			target = 0D0320942DB14B2C00B54E1D /* Utilities */;
			targetProxy = 0D03209F2DB14B2C00B54E1D /* PBXContainerItemProxy */;
		};
		0D0320A22DB14B2C00B54E1D /* PBXTargetDependency */ = {
			isa = PBXTargetDependency;
			target = 0D0320602DB14B1F00B54E1D /* CoinVista */;
			targetProxy = 0D0320A12DB14B2C00B54E1D /* PBXContainerItemProxy */;
		};
		0D0320A72DB14B2C00B54E1D /* PBXTargetDependency */ = {
			isa = PBXTargetDependency;
			target = 0D0320942DB14B2C00B54E1D /* Utilities */;
			targetProxy = 0D0320A62DB14B2C00B54E1D /* PBXContainerItemProxy */;
		};
		0DF893212DB7BD3800BE72DA /* PBXTargetDependency */ = {
			isa = PBXTargetDependency;
			target = 0DF893152DB7BD3800BE72DA /* CVDomain */;
			targetProxy = 0DF893202DB7BD3800BE72DA /* PBXContainerItemProxy */;
		};
		0DF893232DB7BD3800BE72DA /* PBXTargetDependency */ = {
			isa = PBXTargetDependency;
			target = 0D0320602DB14B1F00B54E1D /* CoinVista */;
			targetProxy = 0DF893222DB7BD3800BE72DA /* PBXContainerItemProxy */;
		};
		0DF893282DB7BD3800BE72DA /* PBXTargetDependency */ = {
			isa = PBXTargetDependency;
			target = 0DF893152DB7BD3800BE72DA /* CVDomain */;
			targetProxy = 0DF893272DB7BD3800BE72DA /* PBXContainerItemProxy */;
		};
/* End PBXTargetDependency section */

/* Begin XCBuildConfiguration section */
		0D0320852DB14B1F00B54E1D /* Debug */ = {
			isa = XCBuildConfiguration;
			buildSettings = {
				ALWAYS_SEARCH_USER_PATHS = NO;
				ASSETCATALOG_COMPILER_GENERATE_SWIFT_ASSET_SYMBOL_EXTENSIONS = YES;
				CLANG_ANALYZER_NONNULL = YES;
				CLANG_ANALYZER_NUMBER_OBJECT_CONVERSION = YES_AGGRESSIVE;
				CLANG_CXX_LANGUAGE_STANDARD = "gnu++20";
				CLANG_ENABLE_MODULES = YES;
				CLANG_ENABLE_OBJC_ARC = YES;
				CLANG_ENABLE_OBJC_WEAK = YES;
				CLANG_WARN_BLOCK_CAPTURE_AUTORELEASING = YES;
				CLANG_WARN_BOOL_CONVERSION = YES;
				CLANG_WARN_COMMA = YES;
				CLANG_WARN_CONSTANT_CONVERSION = YES;
				CLANG_WARN_DEPRECATED_OBJC_IMPLEMENTATIONS = YES;
				CLANG_WARN_DIRECT_OBJC_ISA_USAGE = YES_ERROR;
				CLANG_WARN_DOCUMENTATION_COMMENTS = YES;
				CLANG_WARN_EMPTY_BODY = YES;
				CLANG_WARN_ENUM_CONVERSION = YES;
				CLANG_WARN_INFINITE_RECURSION = YES;
				CLANG_WARN_INT_CONVERSION = YES;
				CLANG_WARN_NON_LITERAL_NULL_CONVERSION = YES;
				CLANG_WARN_OBJC_IMPLICIT_RETAIN_SELF = YES;
				CLANG_WARN_OBJC_LITERAL_CONVERSION = YES;
				CLANG_WARN_OBJC_ROOT_CLASS = YES_ERROR;
				CLANG_WARN_QUOTED_INCLUDE_IN_FRAMEWORK_HEADER = YES;
				CLANG_WARN_RANGE_LOOP_ANALYSIS = YES;
				CLANG_WARN_STRICT_PROTOTYPES = YES;
				CLANG_WARN_SUSPICIOUS_MOVE = YES;
				CLANG_WARN_UNGUARDED_AVAILABILITY = YES_AGGRESSIVE;
				CLANG_WARN_UNREACHABLE_CODE = YES;
				CLANG_WARN__DUPLICATE_METHOD_MATCH = YES;
				COPY_PHASE_STRIP = NO;
				DEBUG_INFORMATION_FORMAT = dwarf;
				DEVELOPMENT_TEAM = R8S98YHV2J;
				ENABLE_STRICT_OBJC_MSGSEND = YES;
				ENABLE_TESTABILITY = YES;
				ENABLE_USER_SCRIPT_SANDBOXING = YES;
				GCC_C_LANGUAGE_STANDARD = gnu17;
				GCC_DYNAMIC_NO_PIC = NO;
				GCC_NO_COMMON_BLOCKS = YES;
				GCC_OPTIMIZATION_LEVEL = 0;
				GCC_PREPROCESSOR_DEFINITIONS = (
					"DEBUG=1",
					"$(inherited)",
				);
				GCC_WARN_64_TO_32_BIT_CONVERSION = YES;
				GCC_WARN_ABOUT_RETURN_TYPE = YES_ERROR;
				GCC_WARN_UNDECLARED_SELECTOR = YES;
				GCC_WARN_UNINITIALIZED_AUTOS = YES_AGGRESSIVE;
				GCC_WARN_UNUSED_FUNCTION = YES;
				GCC_WARN_UNUSED_VARIABLE = YES;
				IPHONEOS_DEPLOYMENT_TARGET = 18.4;
				LOCALIZATION_PREFERS_STRING_CATALOGS = YES;
				MTL_ENABLE_DEBUG_INFO = INCLUDE_SOURCE;
				MTL_FAST_MATH = YES;
				ONLY_ACTIVE_ARCH = YES;
				SDKROOT = iphoneos;
				SWIFT_ACTIVE_COMPILATION_CONDITIONS = "DEBUG $(inherited)";
				SWIFT_OPTIMIZATION_LEVEL = "-Onone";
			};
			name = Debug;
		};
		0D0320862DB14B1F00B54E1D /* Release */ = {
			isa = XCBuildConfiguration;
			buildSettings = {
				ALWAYS_SEARCH_USER_PATHS = NO;
				ASSETCATALOG_COMPILER_GENERATE_SWIFT_ASSET_SYMBOL_EXTENSIONS = YES;
				CLANG_ANALYZER_NONNULL = YES;
				CLANG_ANALYZER_NUMBER_OBJECT_CONVERSION = YES_AGGRESSIVE;
				CLANG_CXX_LANGUAGE_STANDARD = "gnu++20";
				CLANG_ENABLE_MODULES = YES;
				CLANG_ENABLE_OBJC_ARC = YES;
				CLANG_ENABLE_OBJC_WEAK = YES;
				CLANG_WARN_BLOCK_CAPTURE_AUTORELEASING = YES;
				CLANG_WARN_BOOL_CONVERSION = YES;
				CLANG_WARN_COMMA = YES;
				CLANG_WARN_CONSTANT_CONVERSION = YES;
				CLANG_WARN_DEPRECATED_OBJC_IMPLEMENTATIONS = YES;
				CLANG_WARN_DIRECT_OBJC_ISA_USAGE = YES_ERROR;
				CLANG_WARN_DOCUMENTATION_COMMENTS = YES;
				CLANG_WARN_EMPTY_BODY = YES;
				CLANG_WARN_ENUM_CONVERSION = YES;
				CLANG_WARN_INFINITE_RECURSION = YES;
				CLANG_WARN_INT_CONVERSION = YES;
				CLANG_WARN_NON_LITERAL_NULL_CONVERSION = YES;
				CLANG_WARN_OBJC_IMPLICIT_RETAIN_SELF = YES;
				CLANG_WARN_OBJC_LITERAL_CONVERSION = YES;
				CLANG_WARN_OBJC_ROOT_CLASS = YES_ERROR;
				CLANG_WARN_QUOTED_INCLUDE_IN_FRAMEWORK_HEADER = YES;
				CLANG_WARN_RANGE_LOOP_ANALYSIS = YES;
				CLANG_WARN_STRICT_PROTOTYPES = YES;
				CLANG_WARN_SUSPICIOUS_MOVE = YES;
				CLANG_WARN_UNGUARDED_AVAILABILITY = YES_AGGRESSIVE;
				CLANG_WARN_UNREACHABLE_CODE = YES;
				CLANG_WARN__DUPLICATE_METHOD_MATCH = YES;
				COPY_PHASE_STRIP = NO;
				DEBUG_INFORMATION_FORMAT = "dwarf-with-dsym";
				DEVELOPMENT_TEAM = R8S98YHV2J;
				ENABLE_NS_ASSERTIONS = NO;
				ENABLE_STRICT_OBJC_MSGSEND = YES;
				ENABLE_USER_SCRIPT_SANDBOXING = YES;
				GCC_C_LANGUAGE_STANDARD = gnu17;
				GCC_NO_COMMON_BLOCKS = YES;
				GCC_WARN_64_TO_32_BIT_CONVERSION = YES;
				GCC_WARN_ABOUT_RETURN_TYPE = YES_ERROR;
				GCC_WARN_UNDECLARED_SELECTOR = YES;
				GCC_WARN_UNINITIALIZED_AUTOS = YES_AGGRESSIVE;
				GCC_WARN_UNUSED_FUNCTION = YES;
				GCC_WARN_UNUSED_VARIABLE = YES;
				IPHONEOS_DEPLOYMENT_TARGET = 18.4;
				LOCALIZATION_PREFERS_STRING_CATALOGS = YES;
				MTL_ENABLE_DEBUG_INFO = NO;
				MTL_FAST_MATH = YES;
				SDKROOT = iphoneos;
				SWIFT_COMPILATION_MODE = wholemodule;
				VALIDATE_PRODUCT = YES;
			};
			name = Release;
		};
		0D0320882DB14B1F00B54E1D /* Debug */ = {
			isa = XCBuildConfiguration;
			buildSettings = {
				ASSETCATALOG_COMPILER_APPICON_NAME = AppIcon;
				ASSETCATALOG_COMPILER_GLOBAL_ACCENT_COLOR_NAME = AccentColor;
				CODE_SIGN_STYLE = Automatic;
				CURRENT_PROJECT_VERSION = 1;
				DEVELOPMENT_TEAM = R8S98YHV2J;
				ENABLE_PREVIEWS = YES;
				GENERATE_INFOPLIST_FILE = YES;
				INFOPLIST_KEY_UIApplicationSceneManifest_Generation = YES;
				INFOPLIST_KEY_UIApplicationSupportsIndirectInputEvents = YES;
				INFOPLIST_KEY_UILaunchScreen_Generation = YES;
				INFOPLIST_KEY_UISupportedInterfaceOrientations_iPad = "UIInterfaceOrientationPortrait UIInterfaceOrientationPortraitUpsideDown UIInterfaceOrientationLandscapeLeft UIInterfaceOrientationLandscapeRight";
				INFOPLIST_KEY_UISupportedInterfaceOrientations_iPhone = "UIInterfaceOrientationPortrait UIInterfaceOrientationLandscapeLeft UIInterfaceOrientationLandscapeRight";
				LD_RUNPATH_SEARCH_PATHS = (
					"$(inherited)",
					"@executable_path/Frameworks",
				);
				MARKETING_VERSION = 1.0;
				PRODUCT_BUNDLE_IDENTIFIER = com.lla.CoinVista;
				PRODUCT_NAME = "$(TARGET_NAME)";
				SWIFT_EMIT_LOC_STRINGS = YES;
				SWIFT_VERSION = 5.0;
				TARGETED_DEVICE_FAMILY = "1,2";
			};
			name = Debug;
		};
		0D0320892DB14B1F00B54E1D /* Release */ = {
			isa = XCBuildConfiguration;
			buildSettings = {
				ASSETCATALOG_COMPILER_APPICON_NAME = AppIcon;
				ASSETCATALOG_COMPILER_GLOBAL_ACCENT_COLOR_NAME = AccentColor;
				CODE_SIGN_STYLE = Automatic;
				CURRENT_PROJECT_VERSION = 1;
				DEVELOPMENT_TEAM = R8S98YHV2J;
				ENABLE_PREVIEWS = YES;
				GENERATE_INFOPLIST_FILE = YES;
				INFOPLIST_KEY_UIApplicationSceneManifest_Generation = YES;
				INFOPLIST_KEY_UIApplicationSupportsIndirectInputEvents = YES;
				INFOPLIST_KEY_UILaunchScreen_Generation = YES;
				INFOPLIST_KEY_UISupportedInterfaceOrientations_iPad = "UIInterfaceOrientationPortrait UIInterfaceOrientationPortraitUpsideDown UIInterfaceOrientationLandscapeLeft UIInterfaceOrientationLandscapeRight";
				INFOPLIST_KEY_UISupportedInterfaceOrientations_iPhone = "UIInterfaceOrientationPortrait UIInterfaceOrientationLandscapeLeft UIInterfaceOrientationLandscapeRight";
				LD_RUNPATH_SEARCH_PATHS = (
					"$(inherited)",
					"@executable_path/Frameworks",
				);
				MARKETING_VERSION = 1.0;
				PRODUCT_BUNDLE_IDENTIFIER = com.lla.CoinVista;
				PRODUCT_NAME = "$(TARGET_NAME)";
				SWIFT_EMIT_LOC_STRINGS = YES;
				SWIFT_VERSION = 5.0;
				TARGETED_DEVICE_FAMILY = "1,2";
			};
			name = Release;
		};
		0D03208B2DB14B1F00B54E1D /* Debug */ = {
			isa = XCBuildConfiguration;
			buildSettings = {
				BUNDLE_LOADER = "$(TEST_HOST)";
				CODE_SIGN_STYLE = Automatic;
				CURRENT_PROJECT_VERSION = 1;
				DEVELOPMENT_TEAM = R8S98YHV2J;
				GENERATE_INFOPLIST_FILE = YES;
				IPHONEOS_DEPLOYMENT_TARGET = 18.4;
				MARKETING_VERSION = 1.0;
				PRODUCT_BUNDLE_IDENTIFIER = com.lla.CoinVistaTests;
				PRODUCT_NAME = "$(TARGET_NAME)";
				SWIFT_EMIT_LOC_STRINGS = NO;
				SWIFT_VERSION = 5.0;
				TARGETED_DEVICE_FAMILY = "1,2";
				TEST_HOST = "$(BUILT_PRODUCTS_DIR)/CoinVista.app/$(BUNDLE_EXECUTABLE_FOLDER_PATH)/CoinVista";
			};
			name = Debug;
		};
		0D03208C2DB14B1F00B54E1D /* Release */ = {
			isa = XCBuildConfiguration;
			buildSettings = {
				BUNDLE_LOADER = "$(TEST_HOST)";
				CODE_SIGN_STYLE = Automatic;
				CURRENT_PROJECT_VERSION = 1;
				DEVELOPMENT_TEAM = R8S98YHV2J;
				GENERATE_INFOPLIST_FILE = YES;
				IPHONEOS_DEPLOYMENT_TARGET = 18.4;
				MARKETING_VERSION = 1.0;
				PRODUCT_BUNDLE_IDENTIFIER = com.lla.CoinVistaTests;
				PRODUCT_NAME = "$(TARGET_NAME)";
				SWIFT_EMIT_LOC_STRINGS = NO;
				SWIFT_VERSION = 5.0;
				TARGETED_DEVICE_FAMILY = "1,2";
				TEST_HOST = "$(BUILT_PRODUCTS_DIR)/CoinVista.app/$(BUNDLE_EXECUTABLE_FOLDER_PATH)/CoinVista";
			};
			name = Release;
		};
		0D03208E2DB14B1F00B54E1D /* Debug */ = {
			isa = XCBuildConfiguration;
			buildSettings = {
				CODE_SIGN_STYLE = Automatic;
				CURRENT_PROJECT_VERSION = 1;
				DEVELOPMENT_TEAM = R8S98YHV2J;
				GENERATE_INFOPLIST_FILE = YES;
				MARKETING_VERSION = 1.0;
				PRODUCT_BUNDLE_IDENTIFIER = com.lla.CoinVistaUITests;
				PRODUCT_NAME = "$(TARGET_NAME)";
				SWIFT_EMIT_LOC_STRINGS = NO;
				SWIFT_VERSION = 5.0;
				TARGETED_DEVICE_FAMILY = "1,2";
				TEST_TARGET_NAME = CoinVista;
			};
			name = Debug;
		};
		0D03208F2DB14B1F00B54E1D /* Release */ = {
			isa = XCBuildConfiguration;
			buildSettings = {
				CODE_SIGN_STYLE = Automatic;
				CURRENT_PROJECT_VERSION = 1;
				DEVELOPMENT_TEAM = R8S98YHV2J;
				GENERATE_INFOPLIST_FILE = YES;
				MARKETING_VERSION = 1.0;
				PRODUCT_BUNDLE_IDENTIFIER = com.lla.CoinVistaUITests;
				PRODUCT_NAME = "$(TARGET_NAME)";
				SWIFT_EMIT_LOC_STRINGS = NO;
				SWIFT_VERSION = 5.0;
				TARGETED_DEVICE_FAMILY = "1,2";
				TEST_TARGET_NAME = CoinVista;
			};
			name = Release;
		};
		0D0320AB2DB14B2C00B54E1D /* Debug */ = {
			isa = XCBuildConfiguration;
			buildSettings = {
				BUILD_LIBRARY_FOR_DISTRIBUTION = YES;
				CODE_SIGN_STYLE = Automatic;
				CURRENT_PROJECT_VERSION = 1;
				DEVELOPMENT_TEAM = R8S98YHV2J;
				DYLIB_COMPATIBILITY_VERSION = 1;
				DYLIB_CURRENT_VERSION = 1;
				DYLIB_INSTALL_NAME_BASE = "@rpath";
				ENABLE_MODULE_VERIFIER = YES;
				GENERATE_INFOPLIST_FILE = YES;
				INFOPLIST_KEY_NSHumanReadableCopyright = "";
				INSTALL_PATH = "$(LOCAL_LIBRARY_DIR)/Frameworks";
				LD_RUNPATH_SEARCH_PATHS = (
					"$(inherited)",
					"@executable_path/Frameworks",
					"@loader_path/Frameworks",
				);
				MARKETING_VERSION = 1.0;
				MODULE_VERIFIER_SUPPORTED_LANGUAGES = "objective-c objective-c++";
				MODULE_VERIFIER_SUPPORTED_LANGUAGE_STANDARDS = "gnu17 gnu++20";
				PRODUCT_BUNDLE_IDENTIFIER = com.lla.Utilities;
				PRODUCT_NAME = "$(TARGET_NAME:c99extidentifier)";
				SKIP_INSTALL = YES;
				SWIFT_EMIT_LOC_STRINGS = YES;
				SWIFT_INSTALL_MODULE = YES;
				SWIFT_INSTALL_OBJC_HEADER = NO;
				SWIFT_VERSION = 5.0;
				TARGETED_DEVICE_FAMILY = "1,2";
				VERSIONING_SYSTEM = "apple-generic";
				VERSION_INFO_PREFIX = "";
			};
			name = Debug;
		};
		0D0320AC2DB14B2C00B54E1D /* Release */ = {
			isa = XCBuildConfiguration;
			buildSettings = {
				BUILD_LIBRARY_FOR_DISTRIBUTION = YES;
				CODE_SIGN_STYLE = Automatic;
				CURRENT_PROJECT_VERSION = 1;
				DEVELOPMENT_TEAM = R8S98YHV2J;
				DYLIB_COMPATIBILITY_VERSION = 1;
				DYLIB_CURRENT_VERSION = 1;
				DYLIB_INSTALL_NAME_BASE = "@rpath";
				ENABLE_MODULE_VERIFIER = YES;
				GENERATE_INFOPLIST_FILE = YES;
				INFOPLIST_KEY_NSHumanReadableCopyright = "";
				INSTALL_PATH = "$(LOCAL_LIBRARY_DIR)/Frameworks";
				LD_RUNPATH_SEARCH_PATHS = (
					"$(inherited)",
					"@executable_path/Frameworks",
					"@loader_path/Frameworks",
				);
				MARKETING_VERSION = 1.0;
				MODULE_VERIFIER_SUPPORTED_LANGUAGES = "objective-c objective-c++";
				MODULE_VERIFIER_SUPPORTED_LANGUAGE_STANDARDS = "gnu17 gnu++20";
				PRODUCT_BUNDLE_IDENTIFIER = com.lla.Utilities;
				PRODUCT_NAME = "$(TARGET_NAME:c99extidentifier)";
				SKIP_INSTALL = YES;
				SWIFT_EMIT_LOC_STRINGS = YES;
				SWIFT_INSTALL_MODULE = YES;
				SWIFT_INSTALL_OBJC_HEADER = NO;
				SWIFT_VERSION = 5.0;
				TARGETED_DEVICE_FAMILY = "1,2";
				VERSIONING_SYSTEM = "apple-generic";
				VERSION_INFO_PREFIX = "";
			};
			name = Release;
		};
		0D0320AF2DB14B2C00B54E1D /* Debug */ = {
			isa = XCBuildConfiguration;
			buildSettings = {
				CODE_SIGN_STYLE = Automatic;
				CURRENT_PROJECT_VERSION = 1;
				DEVELOPMENT_TEAM = R8S98YHV2J;
				GENERATE_INFOPLIST_FILE = YES;
				MARKETING_VERSION = 1.0;
				PRODUCT_BUNDLE_IDENTIFIER = com.lla.UtilitiesTests;
				PRODUCT_NAME = "$(TARGET_NAME)";
				SWIFT_EMIT_LOC_STRINGS = NO;
				SWIFT_VERSION = 5.0;
				TARGETED_DEVICE_FAMILY = "1,2";
				TEST_HOST = "$(BUILT_PRODUCTS_DIR)/CoinVista.app/$(BUNDLE_EXECUTABLE_FOLDER_PATH)/CoinVista";
			};
			name = Debug;
		};
		0D0320B02DB14B2C00B54E1D /* Release */ = {
			isa = XCBuildConfiguration;
			buildSettings = {
				CODE_SIGN_STYLE = Automatic;
				CURRENT_PROJECT_VERSION = 1;
				DEVELOPMENT_TEAM = R8S98YHV2J;
				GENERATE_INFOPLIST_FILE = YES;
				MARKETING_VERSION = 1.0;
				PRODUCT_BUNDLE_IDENTIFIER = com.lla.UtilitiesTests;
				PRODUCT_NAME = "$(TARGET_NAME)";
				SWIFT_EMIT_LOC_STRINGS = NO;
				SWIFT_VERSION = 5.0;
				TARGETED_DEVICE_FAMILY = "1,2";
				TEST_HOST = "$(BUILT_PRODUCTS_DIR)/CoinVista.app/$(BUNDLE_EXECUTABLE_FOLDER_PATH)/CoinVista";
			};
			name = Release;
		};
		0DF8932B2DB7BD3800BE72DA /* Debug */ = {
			isa = XCBuildConfiguration;
			buildSettings = {
				BUILD_LIBRARY_FOR_DISTRIBUTION = YES;
				CODE_SIGN_STYLE = Automatic;
				CURRENT_PROJECT_VERSION = 1;
				DEVELOPMENT_TEAM = R8S98YHV2J;
				DYLIB_COMPATIBILITY_VERSION = 1;
				DYLIB_CURRENT_VERSION = 1;
				DYLIB_INSTALL_NAME_BASE = "@rpath";
				ENABLE_MODULE_VERIFIER = YES;
				GENERATE_INFOPLIST_FILE = YES;
				INFOPLIST_KEY_NSHumanReadableCopyright = "";
				INSTALL_PATH = "$(LOCAL_LIBRARY_DIR)/Frameworks";
				LD_RUNPATH_SEARCH_PATHS = (
					"$(inherited)",
					"@executable_path/Frameworks",
					"@loader_path/Frameworks",
				);
				MARKETING_VERSION = 1.0;
				MODULE_VERIFIER_SUPPORTED_LANGUAGES = "objective-c objective-c++";
				MODULE_VERIFIER_SUPPORTED_LANGUAGE_STANDARDS = "gnu17 gnu++20";
				PRODUCT_BUNDLE_IDENTIFIER = com.lla.CVDomain;
				PRODUCT_NAME = "$(TARGET_NAME:c99extidentifier)";
				SKIP_INSTALL = YES;
				SWIFT_EMIT_LOC_STRINGS = YES;
				SWIFT_INSTALL_MODULE = YES;
				SWIFT_INSTALL_OBJC_HEADER = NO;
				SWIFT_VERSION = 5.0;
				TARGETED_DEVICE_FAMILY = "1,2";
				VERSIONING_SYSTEM = "apple-generic";
				VERSION_INFO_PREFIX = "";
			};
			name = Debug;
		};
		0DF8932C2DB7BD3800BE72DA /* Release */ = {
			isa = XCBuildConfiguration;
			buildSettings = {
				BUILD_LIBRARY_FOR_DISTRIBUTION = YES;
				CODE_SIGN_STYLE = Automatic;
				CURRENT_PROJECT_VERSION = 1;
				DEVELOPMENT_TEAM = R8S98YHV2J;
				DYLIB_COMPATIBILITY_VERSION = 1;
				DYLIB_CURRENT_VERSION = 1;
				DYLIB_INSTALL_NAME_BASE = "@rpath";
				ENABLE_MODULE_VERIFIER = YES;
				GENERATE_INFOPLIST_FILE = YES;
				INFOPLIST_KEY_NSHumanReadableCopyright = "";
				INSTALL_PATH = "$(LOCAL_LIBRARY_DIR)/Frameworks";
				LD_RUNPATH_SEARCH_PATHS = (
					"$(inherited)",
					"@executable_path/Frameworks",
					"@loader_path/Frameworks",
				);
				MARKETING_VERSION = 1.0;
				MODULE_VERIFIER_SUPPORTED_LANGUAGES = "objective-c objective-c++";
				MODULE_VERIFIER_SUPPORTED_LANGUAGE_STANDARDS = "gnu17 gnu++20";
				PRODUCT_BUNDLE_IDENTIFIER = com.lla.CVDomain;
				PRODUCT_NAME = "$(TARGET_NAME:c99extidentifier)";
				SKIP_INSTALL = YES;
				SWIFT_EMIT_LOC_STRINGS = YES;
				SWIFT_INSTALL_MODULE = YES;
				SWIFT_INSTALL_OBJC_HEADER = NO;
				SWIFT_VERSION = 5.0;
				TARGETED_DEVICE_FAMILY = "1,2";
				VERSIONING_SYSTEM = "apple-generic";
				VERSION_INFO_PREFIX = "";
			};
			name = Release;
		};
		0DF8932D2DB7BD3800BE72DA /* Debug */ = {
			isa = XCBuildConfiguration;
			buildSettings = {
				CODE_SIGN_STYLE = Automatic;
				CURRENT_PROJECT_VERSION = 1;
				DEVELOPMENT_TEAM = R8S98YHV2J;
				GENERATE_INFOPLIST_FILE = YES;
				MARKETING_VERSION = 1.0;
				PRODUCT_BUNDLE_IDENTIFIER = com.lla.CVDomainTests;
				PRODUCT_NAME = "$(TARGET_NAME)";
				SWIFT_EMIT_LOC_STRINGS = NO;
				SWIFT_VERSION = 5.0;
				TARGETED_DEVICE_FAMILY = "1,2";
				TEST_HOST = "$(BUILT_PRODUCTS_DIR)/CoinVista.app/$(BUNDLE_EXECUTABLE_FOLDER_PATH)/CoinVista";
			};
			name = Debug;
		};
		0DF8932E2DB7BD3800BE72DA /* Release */ = {
			isa = XCBuildConfiguration;
			buildSettings = {
				CODE_SIGN_STYLE = Automatic;
				CURRENT_PROJECT_VERSION = 1;
				DEVELOPMENT_TEAM = R8S98YHV2J;
				GENERATE_INFOPLIST_FILE = YES;
				MARKETING_VERSION = 1.0;
				PRODUCT_BUNDLE_IDENTIFIER = com.lla.CVDomainTests;
				PRODUCT_NAME = "$(TARGET_NAME)";
				SWIFT_EMIT_LOC_STRINGS = NO;
				SWIFT_VERSION = 5.0;
				TARGETED_DEVICE_FAMILY = "1,2";
				TEST_HOST = "$(BUILT_PRODUCTS_DIR)/CoinVista.app/$(BUNDLE_EXECUTABLE_FOLDER_PATH)/CoinVista";
			};
			name = Release;
		};
/* End XCBuildConfiguration section */

/* Begin XCConfigurationList section */
		0D03205C2DB14B1F00B54E1D /* Build configuration list for PBXProject "CoinVista" */ = {
			isa = XCConfigurationList;
			buildConfigurations = (
				0D0320852DB14B1F00B54E1D /* Debug */,
				0D0320862DB14B1F00B54E1D /* Release */,
			);
			defaultConfigurationIsVisible = 0;
			defaultConfigurationName = Release;
		};
		0D0320872DB14B1F00B54E1D /* Build configuration list for PBXNativeTarget "CoinVista" */ = {
			isa = XCConfigurationList;
			buildConfigurations = (
				0D0320882DB14B1F00B54E1D /* Debug */,
				0D0320892DB14B1F00B54E1D /* Release */,
			);
			defaultConfigurationIsVisible = 0;
			defaultConfigurationName = Release;
		};
		0D03208A2DB14B1F00B54E1D /* Build configuration list for PBXNativeTarget "CoinVistaTests" */ = {
			isa = XCConfigurationList;
			buildConfigurations = (
				0D03208B2DB14B1F00B54E1D /* Debug */,
				0D03208C2DB14B1F00B54E1D /* Release */,
			);
			defaultConfigurationIsVisible = 0;
			defaultConfigurationName = Release;
		};
		0D03208D2DB14B1F00B54E1D /* Build configuration list for PBXNativeTarget "CoinVistaUITests" */ = {
			isa = XCConfigurationList;
			buildConfigurations = (
				0D03208E2DB14B1F00B54E1D /* Debug */,
				0D03208F2DB14B1F00B54E1D /* Release */,
			);
			defaultConfigurationIsVisible = 0;
			defaultConfigurationName = Release;
		};
		0D0320AA2DB14B2C00B54E1D /* Build configuration list for PBXNativeTarget "Utilities" */ = {
			isa = XCConfigurationList;
			buildConfigurations = (
				0D0320AB2DB14B2C00B54E1D /* Debug */,
				0D0320AC2DB14B2C00B54E1D /* Release */,
			);
			defaultConfigurationIsVisible = 0;
			defaultConfigurationName = Release;
		};
		0D0320AE2DB14B2C00B54E1D /* Build configuration list for PBXNativeTarget "UtilitiesTests" */ = {
			isa = XCConfigurationList;
			buildConfigurations = (
				0D0320AF2DB14B2C00B54E1D /* Debug */,
				0D0320B02DB14B2C00B54E1D /* Release */,
			);
			defaultConfigurationIsVisible = 0;
			defaultConfigurationName = Release;
		};
		0DF8932F2DB7BD3800BE72DA /* Build configuration list for PBXNativeTarget "CVDomain" */ = {
			isa = XCConfigurationList;
			buildConfigurations = (
				0DF8932B2DB7BD3800BE72DA /* Debug */,
				0DF8932C2DB7BD3800BE72DA /* Release */,
			);
			defaultConfigurationIsVisible = 0;
			defaultConfigurationName = Release;
		};
		0DF893302DB7BD3800BE72DA /* Build configuration list for PBXNativeTarget "CVDomainTests" */ = {
			isa = XCConfigurationList;
			buildConfigurations = (
				0DF8932D2DB7BD3800BE72DA /* Debug */,
				0DF8932E2DB7BD3800BE72DA /* Release */,
			);
			defaultConfigurationIsVisible = 0;
			defaultConfigurationName = Release;
		};
/* End XCConfigurationList section */

/* Begin XCRemoteSwiftPackageReference section */
		0D0320B12DB14B6400B54E1D /* XCRemoteSwiftPackageReference "firebase-ios-sdk" */ = {
			isa = XCRemoteSwiftPackageReference;
			repositoryURL = "https://github.com/firebase/firebase-ios-sdk.git";
			requirement = {
				kind = upToNextMajorVersion;
				minimumVersion = 11.11.0;
			};
		};
		0D0320B42DB14B8A00B54E1D /* XCRemoteSwiftPackageReference "SwiftyBeaver" */ = {
			isa = XCRemoteSwiftPackageReference;
			repositoryURL = "https://github.com/SwiftyBeaver/SwiftyBeaver.git";
			requirement = {
				kind = upToNextMajorVersion;
				minimumVersion = 2.1.1;
			};
		};
/* End XCRemoteSwiftPackageReference section */

/* Begin XCSwiftPackageProductDependency section */
		0D0320B52DB14B8A00B54E1D /* SwiftyBeaver */ = {
			isa = XCSwiftPackageProductDependency;
			package = 0D0320B42DB14B8A00B54E1D /* XCRemoteSwiftPackageReference "SwiftyBeaver" */;
			productName = SwiftyBeaver;
		};
		0DC7E31D2DB14E06002F53BD /* FirebaseCrashlytics */ = {
			isa = XCSwiftPackageProductDependency;
			package = 0D0320B12DB14B6400B54E1D /* XCRemoteSwiftPackageReference "firebase-ios-sdk" */;
			productName = FirebaseCrashlytics;
		};
/* End XCSwiftPackageProductDependency section */
	};
	rootObject = 0D0320592DB14B1F00B54E1D /* Project object */;
}
